version: 2.0
shards:
  crest:
    git: https://github.com/mamantoha/crest.git
    version: 0.25.1

  crinja:
    git: https://github.com/straight-shoota/crinja.git
    version: 0.6.0

  exception_page:
    git: https://github.com/crystal-loot/exception_page.git
    version: 0.1.4

  http-client-digest_auth:
    git: https://github.com/mamantoha/http-client-digest_auth.git
    version: 0.4.0

  invest_api:
    path: ../../InvestApi
    version: 0.1.0

  kemal:
    git: https://github.com/kemalcr/kemal.git
    version: 0.26.1

  kilt:
    git: https://github.com/jeromegn/kilt.git
    version: 0.4.0

  radix:
    git: https://github.com/luislavena/radix.git
    version: 0.3.9

